// !$*UTF8*$!
{
	archiveVersion = 1;
	classes = {
	};
	objectVersion = 56;
	objects = {

/* Begin PBXBuildFile section */
		C7C6981729E5DA3B008B3E6B /* AppDelegate.swift in Sources */ = {isa = PBXBuildFile; fileRef = C7C6981629E5DA3B008B3E6B /* AppDelegate.swift */; };
		C7C6981929E5DA3B008B3E6B /* SceneDelegate.swift in Sources */ = {isa = PBXBuildFile; fileRef = C7C6981829E5DA3B008B3E6B /* SceneDelegate.swift */; };
		C7C6982029E5DA3C008B3E6B /* Assets.xcassets in Resources */ = {isa = PBXBuildFile; fileRef = C7C6981F29E5DA3C008B3E6B /* Assets.xcassets */; };
		C7C6982329E5DA3C008B3E6B /* LaunchScreen.storyboard in Resources */ = {isa = PBXBuildFile; fileRef = C7C6982129E5DA3C008B3E6B /* LaunchScreen.storyboard */; };
		C7C6983229E5EA35008B3E6B /* SignInViewController.swift in Sources */ = {isa = PBXBuildFile; fileRef = C7C6983129E5EA35008B3E6B /* SignInViewController.swift */; };
		C7C6983829E60BF1008B3E6B /* Archivo-SemiBold.ttf in Resources */ = {isa = PBXBuildFile; fileRef = C7C6983629E60BF1008B3E6B /* Archivo-SemiBold.ttf */; };
		C7C6983929E60BF1008B3E6B /* Archivo-Regular.ttf in Resources */ = {isa = PBXBuildFile; fileRef = C7C6983729E60BF1008B3E6B /* Archivo-Regular.ttf */; };
		C7C6983C29E61A94008B3E6B /* Inter-Regular.ttf in Resources */ = {isa = PBXBuildFile; fileRef = C7C6983A29E61A94008B3E6B /* Inter-Regular.ttf */; };
		C7C6983D29E61A94008B3E6B /* Inter-Medium.ttf in Resources */ = {isa = PBXBuildFile; fileRef = C7C6983B29E61A94008B3E6B /* Inter-Medium.ttf */; };
/* End PBXBuildFile section */

/* Begin PBXFileReference section */
		C7C6981329E5DA3B008B3E6B /* whatsent.app */ = {isa = PBXFileReference; explicitFileType = wrapper.application; includeInIndex = 0; path = whatsent.app; sourceTree = BUILT_PRODUCTS_DIR; };
		C7C6981629E5DA3B008B3E6B /* AppDelegate.swift */ = {isa = PBXFileReference; lastKnownFileType = sourcecode.swift; path = AppDelegate.swift; sourceTree = "<group>"; };
		C7C6981829E5DA3B008B3E6B /* SceneDelegate.swift */ = {isa = PBXFileReference; lastKnownFileType = sourcecode.swift; path = SceneDelegate.swift; sourceTree = "<group>"; };
		C7C6981F29E5DA3C008B3E6B /* Assets.xcassets */ = {isa = PBXFileReference; lastKnownFileType = folder.assetcatalog; path = Assets.xcassets; sourceTree = "<group>"; };
		C7C6982229E5DA3C008B3E6B /* Base */ = {isa = PBXFileReference; lastKnownFileType = file.storyboard; name = Base; path = Base.lproj/LaunchScreen.storyboard; sourceTree = "<group>"; };
		C7C6982429E5DA3C008B3E6B /* Info.plist */ = {isa = PBXFileReference; lastKnownFileType = text.plist.xml; path = Info.plist; sourceTree = "<group>"; };
		C7C6983129E5EA35008B3E6B /* SignInViewController.swift */ = {isa = PBXFileReference; lastKnownFileType = sourcecode.swift; path = SignInViewController.swift; sourceTree = "<group>"; };
		C7C6983629E60BF1008B3E6B /* Archivo-SemiBold.ttf */ = {isa = PBXFileReference; lastKnownFileType = file; path = "Archivo-SemiBold.ttf"; sourceTree = "<group>"; };
		C7C6983729E60BF1008B3E6B /* Archivo-Regular.ttf */ = {isa = PBXFileReference; lastKnownFileType = file; path = "Archivo-Regular.ttf"; sourceTree = "<group>"; };
		C7C6983A29E61A94008B3E6B /* Inter-Regular.ttf */ = {isa = PBXFileReference; lastKnownFileType = file; path = "Inter-Regular.ttf"; sourceTree = "<group>"; };
		C7C6983B29E61A94008B3E6B /* Inter-Medium.ttf */ = {isa = PBXFileReference; lastKnownFileType = file; path = "Inter-Medium.ttf"; sourceTree = "<group>"; };
/* End PBXFileReference section */

/* Begin PBXFrameworksBuildPhase section */
		C7C6981029E5DA3B008B3E6B /* Frameworks */ = {
			isa = PBXFrameworksBuildPhase;
			buildActionMask = 2147483647;
			files = (
			);
			runOnlyForDeploymentPostprocessing = 0;
		};
/* End PBXFrameworksBuildPhase section */

/* Begin PBXGroup section */
		C7C6980A29E5DA3B008B3E6B = {
			isa = PBXGroup;
			children = (
				C7C6981529E5DA3B008B3E6B /* whatsent */,
				C7C6981429E5DA3B008B3E6B /* Products */,
			);
			sourceTree = "<group>";
		};
		C7C6981429E5DA3B008B3E6B /* Products */ = {
			isa = PBXGroup;
			children = (
				C7C6981329E5DA3B008B3E6B /* whatsent.app */,
			);
			name = Products;
			sourceTree = "<group>";
		};
		C7C6981529E5DA3B008B3E6B /* whatsent */ = {
			isa = PBXGroup;
			children = (
				C7C6982B29E5E1F2008B3E6B /* Resources */,
				C7C6982A29E5E1CF008B3E6B /* Sources */,
			);
			path = whatsent;
			sourceTree = "<group>";
		};
		C7C6982A29E5E1CF008B3E6B /* Sources */ = {
			isa = PBXGroup;
			children = (
				C7C6981629E5DA3B008B3E6B /* AppDelegate.swift */,
				C7C6981829E5DA3B008B3E6B /* SceneDelegate.swift */,
				C7C6982C29E5E202008B3E6B /* App Sections */,
			);
			path = Sources;
			sourceTree = "<group>";
		};
		C7C6982B29E5E1F2008B3E6B /* Resources */ = {
			isa = PBXGroup;
			children = (
				C7C6983529E60BAD008B3E6B /* Fonts */,
				C7C6981F29E5DA3C008B3E6B /* Assets.xcassets */,
				C7C6982129E5DA3C008B3E6B /* LaunchScreen.storyboard */,
				C7C6982429E5DA3C008B3E6B /* Info.plist */,
			);
			path = Resources;
			sourceTree = "<group>";
		};
		C7C6982C29E5E202008B3E6B /* App Sections */ = {
			isa = PBXGroup;
			children = (
				C7C6982D29E5E214008B3E6B /* Login */,
			);
			path = "App Sections";
			sourceTree = "<group>";
		};
		C7C6982D29E5E214008B3E6B /* Login */ = {
			isa = PBXGroup;
			children = (
				C7C6983329E5F095008B3E6B /* SignIn */,
			);
			path = Login;
			sourceTree = "<group>";
		};
		C7C6983329E5F095008B3E6B /* SignIn */ = {
			isa = PBXGroup;
			children = (
				C7C6983429E5F0B0008B3E6B /* Views */,
			);
			path = SignIn;
			sourceTree = "<group>";
		};
		C7C6983429E5F0B0008B3E6B /* Views */ = {
			isa = PBXGroup;
			children = (
				C7C6983129E5EA35008B3E6B /* SignInViewController.swift */,
			);
			path = Views;
			sourceTree = "<group>";
		};
		C7C6983529E60BAD008B3E6B /* Fonts */ = {
			isa = PBXGroup;
			children = (
				C7C6983B29E61A94008B3E6B /* Inter-Medium.ttf */,
				C7C6983A29E61A94008B3E6B /* Inter-Regular.ttf */,
				C7C6983729E60BF1008B3E6B /* Archivo-Regular.ttf */,
				C7C6983629E60BF1008B3E6B /* Archivo-SemiBold.ttf */,
			);
			path = Fonts;
			sourceTree = "<group>";
		};
/* End PBXGroup section */

/* Begin PBXNativeTarget section */
		C7C6981229E5DA3B008B3E6B /* whatsent */ = {
			isa = PBXNativeTarget;
			buildConfigurationList = C7C6982729E5DA3C008B3E6B /* Build configuration list for PBXNativeTarget "whatsent" */;
			buildPhases = (
				C7C6980F29E5DA3B008B3E6B /* Sources */,
				C7C6981029E5DA3B008B3E6B /* Frameworks */,
				C7C6981129E5DA3B008B3E6B /* Resources */,
			);
			buildRules = (
			);
			dependencies = (
			);
			name = whatsent;
			productName = whatsent;
			productReference = C7C6981329E5DA3B008B3E6B /* whatsent.app */;
			productType = "com.apple.product-type.application";
		};
/* End PBXNativeTarget section */

/* Begin PBXProject section */
		C7C6980B29E5DA3B008B3E6B /* Project object */ = {
			isa = PBXProject;
			attributes = {
				BuildIndependentTargetsInParallel = 1;
				LastSwiftUpdateCheck = 1420;
				LastUpgradeCheck = 1420;
				TargetAttributes = {
					C7C6981229E5DA3B008B3E6B = {
						CreatedOnToolsVersion = 14.2;
					};
				};
			};
			buildConfigurationList = C7C6980E29E5DA3B008B3E6B /* Build configuration list for PBXProject "whatsent" */;
			compatibilityVersion = "Xcode 14.0";
			developmentRegion = en;
			hasScannedForEncodings = 0;
			knownRegions = (
				en,
				Base,
			);
			mainGroup = C7C6980A29E5DA3B008B3E6B;
			productRefGroup = C7C6981429E5DA3B008B3E6B /* Products */;
			projectDirPath = "";
			projectRoot = "";
			targets = (
				C7C6981229E5DA3B008B3E6B /* whatsent */,
			);
		};
/* End PBXProject section */

/* Begin PBXResourcesBuildPhase section */
		C7C6981129E5DA3B008B3E6B /* Resources */ = {
			isa = PBXResourcesBuildPhase;
			buildActionMask = 2147483647;
			files = (
				C7C6983829E60BF1008B3E6B /* Archivo-SemiBold.ttf in Resources */,
				C7C6983C29E61A94008B3E6B /* Inter-Regular.ttf in Resources */,
				C7C6983D29E61A94008B3E6B /* Inter-Medium.ttf in Resources */,
				C7C6982329E5DA3C008B3E6B /* LaunchScreen.storyboard in Resources */,
				C7C6983929E60BF1008B3E6B /* Archivo-Regular.ttf in Resources */,
				C7C6982029E5DA3C008B3E6B /* Assets.xcassets in Resources */,
			);
			runOnlyForDeploymentPostprocessing = 0;
		};
/* End PBXResourcesBuildPhase section */

/* Begin PBXSourcesBuildPhase section */
		C7C6980F29E5DA3B008B3E6B /* Sources */ = {
			isa = PBXSourcesBuildPhase;
			buildActionMask = 2147483647;
			files = (
				C7C6983229E5EA35008B3E6B /* SignInViewController.swift in Sources */,
				C7C6981729E5DA3B008B3E6B /* AppDelegate.swift in Sources */,
				C7C6981929E5DA3B008B3E6B /* SceneDelegate.swift in Sources */,
			);
			runOnlyForDeploymentPostprocessing = 0;
		};
/* End PBXSourcesBuildPhase section */

/* Begin PBXVariantGroup section */
		C7C6982129E5DA3C008B3E6B /* LaunchScreen.storyboard */ = {
			isa = PBXVariantGroup;
			children = (
				C7C6982229E5DA3C008B3E6B /* Base */,
			);
			name = LaunchScreen.storyboard;
			sourceTree = "<group>";
		};
/* End PBXVariantGroup section */

/* Begin XCBuildConfiguration section */
		C7C6982529E5DA3C008B3E6B /* Debug */ = {
			isa = XCBuildConfiguration;
			buildSettings = {
				ALWAYS_SEARCH_USER_PATHS = NO;
				CLANG_ANALYZER_NONNULL = YES;
				CLANG_ANALYZER_NUMBER_OBJECT_CONVERSION = YES_AGGRESSIVE;
				CLANG_CXX_LANGUAGE_STANDARD = "gnu++20";
				CLANG_ENABLE_MODULES = YES;
				CLANG_ENABLE_OBJC_ARC = YES;
				CLANG_ENABLE_OBJC_WEAK = YES;
				CLANG_WARN_BLOCK_CAPTURE_AUTORELEASING = YES;
				CLANG_WARN_BOOL_CONVERSION = YES;
				CLANG_WARN_COMMA = YES;
				CLANG_WARN_CONSTANT_CONVERSION = YES;
				CLANG_WARN_DEPRECATED_OBJC_IMPLEMENTATIONS = YES;
				CLANG_WARN_DIRECT_OBJC_ISA_USAGE = YES_ERROR;
				CLANG_WARN_DOCUMENTATION_COMMENTS = YES;
				CLANG_WARN_EMPTY_BODY = YES;
				CLANG_WARN_ENUM_CONVERSION = YES;
				CLANG_WARN_INFINITE_RECURSION = YES;
				CLANG_WARN_INT_CONVERSION = YES;
				CLANG_WARN_NON_LITERAL_NULL_CONVERSION = YES;
				CLANG_WARN_OBJC_IMPLICIT_RETAIN_SELF = YES;
				CLANG_WARN_OBJC_LITERAL_CONVERSION = YES;
				CLANG_WARN_OBJC_ROOT_CLASS = YES_ERROR;
				CLANG_WARN_QUOTED_INCLUDE_IN_FRAMEWORK_HEADER = YES;
				CLANG_WARN_RANGE_LOOP_ANALYSIS = YES;
				CLANG_WARN_STRICT_PROTOTYPES = YES;
				CLANG_WARN_SUSPICIOUS_MOVE = YES;
				CLANG_WARN_UNGUARDED_AVAILABILITY = YES_AGGRESSIVE;
				CLANG_WARN_UNREACHABLE_CODE = YES;
				CLANG_WARN__DUPLICATE_METHOD_MATCH = YES;
				COPY_PHASE_STRIP = NO;
				DEBUG_INFORMATION_FORMAT = dwarf;
				ENABLE_STRICT_OBJC_MSGSEND = YES;
				ENABLE_TESTABILITY = YES;
				GCC_C_LANGUAGE_STANDARD = gnu11;
				GCC_DYNAMIC_NO_PIC = NO;
				GCC_NO_COMMON_BLOCKS = YES;
				GCC_OPTIMIZATION_LEVEL = 0;
				GCC_PREPROCESSOR_DEFINITIONS = (
					"DEBUG=1",
					"$(inherited)",
				);
				GCC_WARN_64_TO_32_BIT_CONVERSION = YES;
				GCC_WARN_ABOUT_RETURN_TYPE = YES_ERROR;
				GCC_WARN_UNDECLARED_SELECTOR = YES;
				GCC_WARN_UNINITIALIZED_AUTOS = YES_AGGRESSIVE;
				GCC_WARN_UNUSED_FUNCTION = YES;
				GCC_WARN_UNUSED_VARIABLE = YES;
				IPHONEOS_DEPLOYMENT_TARGET = 16.2;
				MTL_ENABLE_DEBUG_INFO = INCLUDE_SOURCE;
				MTL_FAST_MATH = YES;
				ONLY_ACTIVE_ARCH = YES;
				SDKROOT = iphoneos;
				SWIFT_ACTIVE_COMPILATION_CONDITIONS = DEBUG;
				SWIFT_OPTIMIZATION_LEVEL = "-Onone";
			};
			name = Debug;
		};
		C7C6982629E5DA3C008B3E6B /* Release */ = {
			isa = XCBuildConfiguration;
			buildSettings = {
				ALWAYS_SEARCH_USER_PATHS = NO;
				CLANG_ANALYZER_NONNULL = YES;
				CLANG_ANALYZER_NUMBER_OBJECT_CONVERSION = YES_AGGRESSIVE;
				CLANG_CXX_LANGUAGE_STANDARD = "gnu++20";
				CLANG_ENABLE_MODULES = YES;
				CLANG_ENABLE_OBJC_ARC = YES;
				CLANG_ENABLE_OBJC_WEAK = YES;
				CLANG_WARN_BLOCK_CAPTURE_AUTORELEASING = YES;
				CLANG_WARN_BOOL_CONVERSION = YES;
				CLANG_WARN_COMMA = YES;
				CLANG_WARN_CONSTANT_CONVERSION = YES;
				CLANG_WARN_DEPRECATED_OBJC_IMPLEMENTATIONS = YES;
				CLANG_WARN_DIRECT_OBJC_ISA_USAGE = YES_ERROR;
				CLANG_WARN_DOCUMENTATION_COMMENTS = YES;
				CLANG_WARN_EMPTY_BODY = YES;
				CLANG_WARN_ENUM_CONVERSION = YES;
				CLANG_WARN_INFINITE_RECURSION = YES;
				CLANG_WARN_INT_CONVERSION = YES;
				CLANG_WARN_NON_LITERAL_NULL_CONVERSION = YES;
				CLANG_WARN_OBJC_IMPLICIT_RETAIN_SELF = YES;
				CLANG_WARN_OBJC_LITERAL_CONVERSION = YES;
				CLANG_WARN_OBJC_ROOT_CLASS = YES_ERROR;
				CLANG_WARN_QUOTED_INCLUDE_IN_FRAMEWORK_HEADER = YES;
				CLANG_WARN_RANGE_LOOP_ANALYSIS = YES;
				CLANG_WARN_STRICT_PROTOTYPES = YES;
				CLANG_WARN_SUSPICIOUS_MOVE = YES;
				CLANG_WARN_UNGUARDED_AVAILABILITY = YES_AGGRESSIVE;
				CLANG_WARN_UNREACHABLE_CODE = YES;
				CLANG_WARN__DUPLICATE_METHOD_MATCH = YES;
				COPY_PHASE_STRIP = NO;
				DEBUG_INFORMATION_FORMAT = "dwarf-with-dsym";
				ENABLE_NS_ASSERTIONS = NO;
				ENABLE_STRICT_OBJC_MSGSEND = YES;
				GCC_C_LANGUAGE_STANDARD = gnu11;
				GCC_NO_COMMON_BLOCKS = YES;
				GCC_WARN_64_TO_32_BIT_CONVERSION = YES;
				GCC_WARN_ABOUT_RETURN_TYPE = YES_ERROR;
				GCC_WARN_UNDECLARED_SELECTOR = YES;
				GCC_WARN_UNINITIALIZED_AUTOS = YES_AGGRESSIVE;
				GCC_WARN_UNUSED_FUNCTION = YES;
				GCC_WARN_UNUSED_VARIABLE = YES;
				IPHONEOS_DEPLOYMENT_TARGET = 16.2;
				MTL_ENABLE_DEBUG_INFO = NO;
				MTL_FAST_MATH = YES;
				SDKROOT = iphoneos;
				SWIFT_COMPILATION_MODE = wholemodule;
				SWIFT_OPTIMIZATION_LEVEL = "-O";
				VALIDATE_PRODUCT = YES;
			};
			name = Release;
		};
		C7C6982829E5DA3C008B3E6B /* Debug */ = {
			isa = XCBuildConfiguration;
			buildSettings = {
				ASSETCATALOG_COMPILER_APPICON_NAME = AppIcon;
				ASSETCATALOG_COMPILER_GLOBAL_ACCENT_COLOR_NAME = AccentColor;
				CODE_SIGN_STYLE = Automatic;
				CURRENT_PROJECT_VERSION = 1;
				DEVELOPMENT_TEAM = C362HHR2VV;
				GENERATE_INFOPLIST_FILE = YES;
				INFOPLIST_FILE = whatsent/Resources/Info.plist;
				INFOPLIST_KEY_CFBundleDisplayName = WhatSent;
				INFOPLIST_KEY_UIApplicationSupportsIndirectInputEvents = YES;
				INFOPLIST_KEY_UILaunchStoryboardName = LaunchScreen;
				INFOPLIST_KEY_UISupportedInterfaceOrientations = UIInterfaceOrientationPortrait;
				INFOPLIST_KEY_UISupportedInterfaceOrientations_iPad = "UIInterfaceOrientationLandscapeLeft UIInterfaceOrientationLandscapeRight UIInterfaceOrientationPortrait UIInterfaceOrientationPortraitUpsideDown";
				IPHONEOS_DEPLOYMENT_TARGET = 14.0;
				LD_RUNPATH_SEARCH_PATHS = (
					"$(inherited)",
					"@executable_path/Frameworks",
				);
				MARKETING_VERSION = 1.0;
				PRODUCT_BUNDLE_IDENTIFIER = com.gabrielrom.whatsent;
				PRODUCT_NAME = "$(TARGET_NAME)";
				SUPPORTED_PLATFORMS = "iphoneos iphonesimulator";
				SUPPORTS_MACCATALYST = NO;
				SUPPORTS_MAC_DESIGNED_FOR_IPHONE_IPAD = NO;
				SWIFT_EMIT_LOC_STRINGS = YES;
				SWIFT_VERSION = 5.0;
				TARGETED_DEVICE_FAMILY = 1;
			};
			name = Debug;
		};
		C7C6982929E5DA3C008B3E6B /* Release */ = {
			isa = XCBuildConfiguration;
			buildSettings = {
				ASSETCATALOG_COMPILER_APPICON_NAME = AppIcon;
				ASSETCATALOG_COMPILER_GLOBAL_ACCENT_COLOR_NAME = AccentColor;
				CODE_SIGN_STYLE = Automatic;
				CURRENT_PROJECT_VERSION = 1;
				DEVELOPMENT_TEAM = C362HHR2VV;
				GENERATE_INFOPLIST_FILE = YES;
				INFOPLIST_FILE = whatsent/Resources/Info.plist;
				INFOPLIST_KEY_CFBundleDisplayName = WhatSent;
				INFOPLIST_KEY_UIApplicationSupportsIndirectInputEvents = YES;
				INFOPLIST_KEY_UILaunchStoryboardName = LaunchScreen;
				INFOPLIST_KEY_UISupportedInterfaceOrientations = UIInterfaceOrientationPortrait;
				INFOPLIST_KEY_UISupportedInterfaceOrientations_iPad = "UIInterfaceOrientationLandscapeLeft UIInterfaceOrientationLandscapeRight UIInterfaceOrientationPortrait UIInterfaceOrientationPortraitUpsideDown";
				IPHONEOS_DEPLOYMENT_TARGET = 14.0;
				LD_RUNPATH_SEARCH_PATHS = (
					"$(inherited)",
					"@executable_path/Frameworks",
				);
				MARKETING_VERSION = 1.0;
				PRODUCT_BUNDLE_IDENTIFIER = com.gabrielrom.whatsent;
				PRODUCT_NAME = "$(TARGET_NAME)";
				SUPPORTED_PLATFORMS = "iphoneos iphonesimulator";
				SUPPORTS_MACCATALYST = NO;
				SUPPORTS_MAC_DESIGNED_FOR_IPHONE_IPAD = NO;
				SWIFT_EMIT_LOC_STRINGS = YES;
				SWIFT_VERSION = 5.0;
				TARGETED_DEVICE_FAMILY = 1;
			};
			name = Release;
		};
/* End XCBuildConfiguration section */

/* Begin XCConfigurationList section */
		C7C6980E29E5DA3B008B3E6B /* Build configuration list for PBXProject "whatsent" */ = {
			isa = XCConfigurationList;
			buildConfigurations = (
				C7C6982529E5DA3C008B3E6B /* Debug */,
				C7C6982629E5DA3C008B3E6B /* Release */,
			);
			defaultConfigurationIsVisible = 0;
			defaultConfigurationName = Release;
		};
		C7C6982729E5DA3C008B3E6B /* Build configuration list for PBXNativeTarget "whatsent" */ = {
			isa = XCConfigurationList;
			buildConfigurations = (
				C7C6982829E5DA3C008B3E6B /* Debug */,
				C7C6982929E5DA3C008B3E6B /* Release */,
			);
			defaultConfigurationIsVisible = 0;
			defaultConfigurationName = Release;
		};
/* End XCConfigurationList section */
	};
	rootObject = C7C6980B29E5DA3B008B3E6B /* Project object */;
}
